
Microsoft Visual Studio Solution File, Format Version 12.00
# Visual Studio Version 16
VisualStudioVersion = 16.0.29509.3
MinimumVisualStudioVersion = 10.0.40219.1
Project("{FAE04EC0-301F-11D3-BF4B-00C04F79EFBC}") = "ConsoleApp1", "ConsoleApp1\ConsoleApp1.csproj", "{389CC020-B11A-4ABC-BD56-8E8DA626D6DD}"
EndProject
Global
	GlobalSection(SolutionConfigurationPlatforms) = preSolution
		Debug|Any CPU = Debug|Any CPU
		Release|Any CPU = Release|Any CPU
	EndGlobalSection
	GlobalSection(ProjectConfigurationPlatforms) = postSolution
		{389CC020-B11A-4ABC-BD56-8E8DA626D6DD}.Debug|Any CPU.ActiveCfg = Debug|Any CPU
		{389CC020-B11A-4ABC-BD56-8E8DA626D6DD}.Debug|Any CPU.Build.0 = Debug|Any CPU
		{389CC020-B11A-4ABC-BD56-8E8DA626D6DD}.Release|Any CPU.ActiveCfg = Release|Any CPU
		{389CC020-B11A-4ABC-BD56-8E8DA626D6DD}.Release|Any CPU.Build.0 = Release|Any CPU
	EndGlobalSection
	GlobalSection(SolutionProperties) = preSolution
		HideSolutionNode = FALSE
	EndGlobalSection
	GlobalSection(ExtensibilityGlobals) = postSolution
		SolutionGuid = {23C32C66-E31F-4B48-BB1F-EA5084C0B792}
	EndGlobalSection
EndGlobal
